
Microsoft Visual Studio Solution File, Format Version 12.00
# Visual Studio Version 16
VisualStudioVersion = 16.0.33027.164
MinimumVisualStudioVersion = 10.0.40219.1
Project("{FAE04EC0-301F-11D3-BF4B-00C04F79EFBC}") = "Dialpack 1.15 Installer", "Dialpack 1.15 Installer.csproj", "{54F062CA-EA02-4D9F-9C34-68AB4D732FCF}"
EndProject
Global
	GlobalSection(SolutionConfigurationPlatforms) = preSolution
		Debug|Any CPU = Debug|Any CPU
		Release|Any CPU = Release|Any CPU
	EndGlobalSection
	GlobalSection(ProjectConfigurationPlatforms) = postSolution
		{54F062CA-EA02-4D9F-9C34-68AB4D732FCF}.Debug|Any CPU.ActiveCfg = Debug|Any CPU
		{54F062CA-EA02-4D9F-9C34-68AB4D732FCF}.Debug|Any CPU.Build.0 = Debug|Any CPU
		{54F062CA-EA02-4D9F-9C34-68AB4D732FCF}.Release|Any CPU.ActiveCfg = Release|Any CPU
		{54F062CA-EA02-4D9F-9C34-68AB4D732FCF}.Release|Any CPU.Build.0 = Release|Any CPU
	EndGlobalSection
	GlobalSection(SolutionProperties) = preSolution
		HideSolutionNode = FALSE
	EndGlobalSection
	GlobalSection(ExtensibilityGlobals) = postSolution
		SolutionGuid = {B454FE74-DBB9-4B6F-8473-7608D45FF858}
	EndGlobalSection
EndGlobal
